
Microsoft Visual Studio Solution File, Format Version 12.00
# Visual Studio Version 17
VisualStudioVersion = 17.9.34723.18
MinimumVisualStudioVersion = 10.0.40219.1
Project("{FAE04EC0-301F-11D3-BF4B-00C04F79EFBC}") = "TlouAPI", "TlouAPI\TlouAPI.csproj", "{29BD9A5A-DE5E-4A64-BA34-949B77164717}"
EndProject
Global
	GlobalSection(SolutionConfigurationPlatforms) = preSolution
		Debug|Any CPU = Debug|Any CPU
		Release|Any CPU = Release|Any CPU
	EndGlobalSection
	GlobalSection(ProjectConfigurationPlatforms) = postSolution
		{29BD9A5A-DE5E-4A64-BA34-949B77164717}.Debug|Any CPU.ActiveCfg = Debug|Any CPU
		{29BD9A5A-DE5E-4A64-BA34-949B77164717}.Debug|Any CPU.Build.0 = Debug|Any CPU
		{29BD9A5A-DE5E-4A64-BA34-949B77164717}.Release|Any CPU.ActiveCfg = Release|Any CPU
		{29BD9A5A-DE5E-4A64-BA34-949B77164717}.Release|Any CPU.Build.0 = Release|Any CPU
	EndGlobalSection
	GlobalSection(SolutionProperties) = preSolution
		HideSolutionNode = FALSE
	EndGlobalSection
	GlobalSection(ExtensibilityGlobals) = postSolution
		SolutionGuid = {E736466D-CAF3-4A2E-9FBE-22D9E86010E2}
	EndGlobalSection
EndGlobal
